
Microsoft Visual Studio Solution File, Format Version 12.00
# Visual Studio Version 17
VisualStudioVersion = 17.3.32929.385
MinimumVisualStudioVersion = 10.0.40219.1
Project("{FAE04EC0-301F-11D3-BF4B-00C04F79EFBC}") = "FilmesAPI", "FilmesAPI\FilmesAPI.csproj", "{5F3B0BC7-54BF-450E-B74C-E2E023BBB5CA}"
EndProject
Global
	GlobalSection(SolutionConfigurationPlatforms) = preSolution
		Debug|Any CPU = Debug|Any CPU
		Release|Any CPU = Release|Any CPU
	EndGlobalSection
	GlobalSection(ProjectConfigurationPlatforms) = postSolution
		{5F3B0BC7-54BF-450E-B74C-E2E023BBB5CA}.Debug|Any CPU.ActiveCfg = Debug|Any CPU
		{5F3B0BC7-54BF-450E-B74C-E2E023BBB5CA}.Debug|Any CPU.Build.0 = Debug|Any CPU
		{5F3B0BC7-54BF-450E-B74C-E2E023BBB5CA}.Release|Any CPU.ActiveCfg = Release|Any CPU
		{5F3B0BC7-54BF-450E-B74C-E2E023BBB5CA}.Release|Any CPU.Build.0 = Release|Any CPU
	EndGlobalSection
	GlobalSection(SolutionProperties) = preSolution
		HideSolutionNode = FALSE
	EndGlobalSection
	GlobalSection(ExtensibilityGlobals) = postSolution
		SolutionGuid = {6DB5A53F-1C45-40DF-8BED-7B6529A5D0AD}
	EndGlobalSection
EndGlobal
